
Microsoft Visual Studio Solution File, Format Version 12.00
# Visual Studio 15
VisualStudioVersion = 15.0.28307.902
MinimumVisualStudioVersion = 10.0.40219.1
Project("{F184B08F-C81C-45F6-A57F-5ABD9991F28F}") = "DateString", "DateString\DateString.vbproj", "{371B989F-A812-44A9-912E-6C5B6159E3D2}"
EndProject
Global
	GlobalSection(SolutionConfigurationPlatforms) = preSolution
		Debug|Any CPU = Debug|Any CPU
		Release|Any CPU = Release|Any CPU
	EndGlobalSection
	GlobalSection(ProjectConfigurationPlatforms) = postSolution
		{371B989F-A812-44A9-912E-6C5B6159E3D2}.Debug|Any CPU.ActiveCfg = Debug|Any CPU
		{371B989F-A812-44A9-912E-6C5B6159E3D2}.Debug|Any CPU.Build.0 = Debug|Any CPU
		{371B989F-A812-44A9-912E-6C5B6159E3D2}.Release|Any CPU.ActiveCfg = Release|Any CPU
		{371B989F-A812-44A9-912E-6C5B6159E3D2}.Release|Any CPU.Build.0 = Release|Any CPU
	EndGlobalSection
	GlobalSection(SolutionProperties) = preSolution
		HideSolutionNode = FALSE
	EndGlobalSection
	GlobalSection(ExtensibilityGlobals) = postSolution
		SolutionGuid = {29A2E21A-A58A-4C95-97F5-C8AE6BCD1C96}
	EndGlobalSection
EndGlobal
