
Microsoft Visual Studio Solution File, Format Version 12.00
# Visual Studio Version 16
VisualStudioVersion = 16.0.30611.23
MinimumVisualStudioVersion = 10.0.40219.1
Project("{F184B08F-C81C-45F6-A57F-5ABD9991F28F}") = "Language Translator", "Language Translator\Language Translator.vbproj", "{492D70AE-D0A9-4BB1-A129-2876B53ADFC5}"
EndProject
Global
	GlobalSection(SolutionConfigurationPlatforms) = preSolution
		Debug|Any CPU = Debug|Any CPU
		Release|Any CPU = Release|Any CPU
	EndGlobalSection
	GlobalSection(ProjectConfigurationPlatforms) = postSolution
		{492D70AE-D0A9-4BB1-A129-2876B53ADFC5}.Debug|Any CPU.ActiveCfg = Debug|Any CPU
		{492D70AE-D0A9-4BB1-A129-2876B53ADFC5}.Debug|Any CPU.Build.0 = Debug|Any CPU
		{492D70AE-D0A9-4BB1-A129-2876B53ADFC5}.Release|Any CPU.ActiveCfg = Release|Any CPU
		{492D70AE-D0A9-4BB1-A129-2876B53ADFC5}.Release|Any CPU.Build.0 = Release|Any CPU
	EndGlobalSection
	GlobalSection(SolutionProperties) = preSolution
		HideSolutionNode = FALSE
	EndGlobalSection
	GlobalSection(ExtensibilityGlobals) = postSolution
		SolutionGuid = {CEABA476-E21A-4DF5-810D-93C177D1A6A3}
	EndGlobalSection
EndGlobal
