
Microsoft Visual Studio Solution File, Format Version 12.00
# Visual Studio Version 16
VisualStudioVersion = 16.0.30717.126
MinimumVisualStudioVersion = 10.0.40219.1
Project("{F184B08F-C81C-45F6-A57F-5ABD9991F28F}") = "Sum of Numbers", "Sum of Numbers\Sum of Numbers.vbproj", "{A0E704E0-DC35-4564-BD77-F77D9D7D245C}"
EndProject
Global
	GlobalSection(SolutionConfigurationPlatforms) = preSolution
		Debug|Any CPU = Debug|Any CPU
		Release|Any CPU = Release|Any CPU
	EndGlobalSection
	GlobalSection(ProjectConfigurationPlatforms) = postSolution
		{A0E704E0-DC35-4564-BD77-F77D9D7D245C}.Debug|Any CPU.ActiveCfg = Debug|Any CPU
		{A0E704E0-DC35-4564-BD77-F77D9D7D245C}.Debug|Any CPU.Build.0 = Debug|Any CPU
		{A0E704E0-DC35-4564-BD77-F77D9D7D245C}.Release|Any CPU.ActiveCfg = Release|Any CPU
		{A0E704E0-DC35-4564-BD77-F77D9D7D245C}.Release|Any CPU.Build.0 = Release|Any CPU
	EndGlobalSection
	GlobalSection(SolutionProperties) = preSolution
		HideSolutionNode = FALSE
	EndGlobalSection
	GlobalSection(ExtensibilityGlobals) = postSolution
		SolutionGuid = {6BE419FA-DD1C-411E-8545-BFD2F8702DCD}
	EndGlobalSection
EndGlobal
